
Microsoft Visual Studio Solution File, Format Version 12.00
# Visual Studio Version 16
VisualStudioVersion = 16.0.30611.23
MinimumVisualStudioVersion = 10.0.40219.1
Project("{FAE04EC0-301F-11D3-BF4B-00C04F79EFBC}") = "ClamAvProxy", "ClamAvProxy\ClamAvProxy.csproj", "{C7D4617D-AF50-4910-9255-00E3A1E18C7A}"
EndProject
Global
	GlobalSection(SolutionConfigurationPlatforms) = preSolution
		Debug|Any CPU = Debug|Any CPU
		Release|Any CPU = Release|Any CPU
	EndGlobalSection
	GlobalSection(ProjectConfigurationPlatforms) = postSolution
		{C7D4617D-AF50-4910-9255-00E3A1E18C7A}.Debug|Any CPU.ActiveCfg = Debug|Any CPU
		{C7D4617D-AF50-4910-9255-00E3A1E18C7A}.Debug|Any CPU.Build.0 = Debug|Any CPU
		{C7D4617D-AF50-4910-9255-00E3A1E18C7A}.Release|Any CPU.ActiveCfg = Release|Any CPU
		{C7D4617D-AF50-4910-9255-00E3A1E18C7A}.Release|Any CPU.Build.0 = Release|Any CPU
	EndGlobalSection
	GlobalSection(SolutionProperties) = preSolution
		HideSolutionNode = FALSE
	EndGlobalSection
	GlobalSection(ExtensibilityGlobals) = postSolution
		SolutionGuid = {7369678A-F25B-4E27-94B7-199633C77462}
	EndGlobalSection
EndGlobal
